
Microsoft Visual Studio Solution File, Format Version 12.00
# Visual Studio 15
VisualStudioVersion = 15.0.28307.271
MinimumVisualStudioVersion = 10.0.40219.1
Project("{FAE04EC0-301F-11D3-BF4B-00C04F79EFBC}") = "JsonValidatorForNumbers", "JsonValidatorForNumbers\JsonValidatorForNumbers.csproj", "{5FA7E3AF-34EB-4B95-8953-C5C3995AE3E7}"
EndProject
Project("{FAE04EC0-301F-11D3-BF4B-00C04F79EFBC}") = "JsonValidatorForNumbers.Test", "JsonValidatorForNumbers.Test\JsonValidatorForNumbers.Test.csproj", "{EC65DF53-5F93-4586-981C-B9B688307FFC}"
EndProject
Global
	GlobalSection(SolutionConfigurationPlatforms) = preSolution
		Debug|Any CPU = Debug|Any CPU
		Release|Any CPU = Release|Any CPU
	EndGlobalSection
	GlobalSection(ProjectConfigurationPlatforms) = postSolution
		{5FA7E3AF-34EB-4B95-8953-C5C3995AE3E7}.Debug|Any CPU.ActiveCfg = Debug|Any CPU
		{5FA7E3AF-34EB-4B95-8953-C5C3995AE3E7}.Debug|Any CPU.Build.0 = Debug|Any CPU
		{5FA7E3AF-34EB-4B95-8953-C5C3995AE3E7}.Release|Any CPU.ActiveCfg = Release|Any CPU
		{5FA7E3AF-34EB-4B95-8953-C5C3995AE3E7}.Release|Any CPU.Build.0 = Release|Any CPU
		{EC65DF53-5F93-4586-981C-B9B688307FFC}.Debug|Any CPU.ActiveCfg = Debug|Any CPU
		{EC65DF53-5F93-4586-981C-B9B688307FFC}.Debug|Any CPU.Build.0 = Debug|Any CPU
		{EC65DF53-5F93-4586-981C-B9B688307FFC}.Release|Any CPU.ActiveCfg = Release|Any CPU
		{EC65DF53-5F93-4586-981C-B9B688307FFC}.Release|Any CPU.Build.0 = Release|Any CPU
	EndGlobalSection
	GlobalSection(SolutionProperties) = preSolution
		HideSolutionNode = FALSE
	EndGlobalSection
	GlobalSection(ExtensibilityGlobals) = postSolution
		SolutionGuid = {7ADED738-14EB-49DA-A28E-B5680B6AF75A}
	EndGlobalSection
EndGlobal
